
Microsoft Visual Studio Solution File, Format Version 12.00
# Visual Studio 15
VisualStudioVersion = 15.0.27703.2047
MinimumVisualStudioVersion = 10.0.40219.1
Project("{FAE04EC0-301F-11D3-BF4B-00C04F79EFBC}") = "ParseHexSID", "ParseHexSID\ParseHexSID.csproj", "{A3098266-6D0C-44F8-B659-3756B96979BD}"
EndProject
Global
	GlobalSection(SolutionConfigurationPlatforms) = preSolution
		Debug|Any CPU = Debug|Any CPU
		Release|Any CPU = Release|Any CPU
	EndGlobalSection
	GlobalSection(ProjectConfigurationPlatforms) = postSolution
		{A3098266-6D0C-44F8-B659-3756B96979BD}.Debug|Any CPU.ActiveCfg = Debug|Any CPU
		{A3098266-6D0C-44F8-B659-3756B96979BD}.Debug|Any CPU.Build.0 = Debug|Any CPU
		{A3098266-6D0C-44F8-B659-3756B96979BD}.Release|Any CPU.ActiveCfg = Release|Any CPU
		{A3098266-6D0C-44F8-B659-3756B96979BD}.Release|Any CPU.Build.0 = Release|Any CPU
	EndGlobalSection
	GlobalSection(SolutionProperties) = preSolution
		HideSolutionNode = FALSE
	EndGlobalSection
	GlobalSection(ExtensibilityGlobals) = postSolution
		SolutionGuid = {649B593C-60FF-41CD-9E0E-99DA4A77B2F7}
	EndGlobalSection
EndGlobal
